Microsoft Visual Studio Solution File, Format Version 11.00
# Visual Studio 20272

Project("{2150E333-8FDC-42A3-9474-1A3956D46DE8}") = "plugin", "plugin", "{5A46AE2A-975D-4570-BE19-A5B7B8C13E20}"
EndProject
Project("{2150E333-8FDC-42A3-9474-1A3956D46DE8}") = "application", "application", "{5A46AE2A-975D-4570-BE19-A5B7B8C13E23}"
EndProject
Project("{2150E333-8FDC-42A3-9474-1A3956D46DE8}") = "library", "library", "{5A46AE2A-975D-4570-BE19-A5B7B8C13E24}"
EndProject
Project("{2150E333-8FDC-42A3-9474-1A3956D46DE8}") = "tool", "tool", "{5A46AE2A-975D-4570-BE19-A5B7B8C13E28}"
EndProject

Project("{8BC9CEB8-8B4A-11D0-8D11-00A0C91BC942}") = "scivis-intro", "scivis-intro.vcxproj", "{CF2E1CA9-4C1A-42D3-802A-0FF1E0DCF2E1}"
EndProject
Project("{8BC9CEB8-8B4A-11D0-8D11-00A0C91BC942}") = "cgv_base", "..\cgv_base\cgv_base.vcxproj", "{25D15D19-2543-4A26-B02E-9029EEDA103D}"
EndProject
Project("{8BC9CEB8-8B4A-11D0-8D11-00A0C91BC942}") = "cgv_utils", "..\cgv_utils\cgv_utils.vcxproj", "{7F328ACD-12F1-44F6-8B32-8A16BCD44574}"
EndProject
Project("{8BC9CEB8-8B4A-11D0-8D11-00A0C91BC942}") = "cgv_type", "..\cgv_type\cgv_type.vcxproj", "{D5EA7384-9AAF-420A-9AFD-38BB5E341BD0}"
EndProject
Project("{8BC9CEB8-8B4A-11D0-8D11-00A0C91BC942}") = "cgv_data", "..\cgv_data\cgv_data.vcxproj", "{33EB7BF2-8115-4C56-AA46-F7DDAF82965E}"
EndProject
Project("{8BC9CEB8-8B4A-11D0-8D11-00A0C91BC942}") = "cgv_reflect", "..\cgv_reflect\cgv_reflect.vcxproj", "{F8050E4A-8AD6-43ED-A8DA-2EA7DF365030}"
EndProject
Project("{8BC9CEB8-8B4A-11D0-8D11-00A0C91BC942}") = "cgv_signal", "..\cgv_signal\cgv_signal.vcxproj", "{AD3F46B7-ADFC-4204-872B-AFC04ADE28EC}"
EndProject
Project("{8BC9CEB8-8B4A-11D0-8D11-00A0C91BC942}") = "cgv_gui", "..\cgv_gui\cgv_gui.vcxproj", "{007BDDD7-C862-4181-9AB5-1FE6394A6BAB}"
EndProject
Project("{8BC9CEB8-8B4A-11D0-8D11-00A0C91BC942}") = "cgv_media", "..\cgv_media\cgv_media.vcxproj", "{06437363-3B8B-4005-8744-79F2698666F1}"
EndProject
Project("{8BC9CEB8-8B4A-11D0-8D11-00A0C91BC942}") = "cgv_gl", "..\cgv_gl\cgv_gl.vcxproj", "{5EFDDD95-15F8-4A18-B96B-79652EA6553E}"
EndProject
Project("{8BC9CEB8-8B4A-11D0-8D11-00A0C91BC942}") = "cgv_math", "..\cgv_math\cgv_math.vcxproj", "{8FACC951-6CBE-4911-A3A2-CDED3D7F6B5D}"
EndProject
Project("{8BC9CEB8-8B4A-11D0-8D11-00A0C91BC942}") = "cgv_render", "..\cgv_render\cgv_render.vcxproj", "{69D7B3B7-66E4-4D0D-A874-0F6AADC721CD}"
EndProject
Project("{8BC9CEB8-8B4A-11D0-8D11-00A0C91BC942}") = "cgv_ppp", "..\cgv_ppp\cgv_ppp.vcxproj", "{4B407CE9-D1A4-449E-9A74-6EAD5D6DF93A}"
EndProject
Project("{8BC9CEB8-8B4A-11D0-8D11-00A0C91BC942}") = "cgv_reflect_types", "..\cgv_reflect_types\cgv_reflect_types.vcxproj", "{298E3418-DEA7-4B02-A993-FB942B9095D8}"
EndProject
Project("{8BC9CEB8-8B4A-11D0-8D11-00A0C91BC942}") = "glew", "..\glew\glew.vcxproj", "{DAE9F54B-3777-4FB7-9231-73451E00E197}"
EndProject
Project("{8BC9CEB8-8B4A-11D0-8D11-00A0C91BC942}") = "shader_test", "..\shader_test\shader_test.vcxproj", "{D120F524-7A7E-4B3F-8D71-08FF29349578}"
EndProject
Project("{8BC9CEB8-8B4A-11D0-8D11-00A0C91BC942}") = "cgv_viewer", "..\cgv_viewer\cgv_viewer.vcxproj", "{8904414D-C452-4EC1-822E-8D6096B6EBFC}"
EndProject
Project("{8BC9CEB8-8B4A-11D0-8D11-00A0C91BC942}") = "res_prep", "..\res_prep\res_prep.vcxproj", "{F514B4C6-C19A-4137-8C8E-CE0B6D956B39}"
EndProject
Project("{8BC9CEB8-8B4A-11D0-8D11-00A0C91BC942}") = "cg_fltk", "..\cg_fltk\cg_fltk.vcxproj", "{E4E3902D-4700-4EE9-A64E-6BD4DD762E73}"
EndProject
Project("{8BC9CEB8-8B4A-11D0-8D11-00A0C91BC942}") = "cgv_os", "..\cgv_os\cgv_os.vcxproj", "{8A717941-3E46-459C-B967-C6AAF214D9EA}"
EndProject
Project("{8BC9CEB8-8B4A-11D0-8D11-00A0C91BC942}") = "fltk", "..\fltk\fltk.vcxproj", "{FF214260-FD00-11DD-87AF-0800200C9A66}"
EndProject
Project("{8BC9CEB8-8B4A-11D0-8D11-00A0C91BC942}") = "jpeg", "..\jpeg\jpeg.vcxproj", "{1CD43810-FC31-11DD-87AF-0800200C9A66}"
EndProject
Project("{8BC9CEB8-8B4A-11D0-8D11-00A0C91BC942}") = "png", "..\png\png.vcxproj", "{B4ACE650-FC31-11DD-87AF-0800200C9A66}"
EndProject
Project("{8BC9CEB8-8B4A-11D0-8D11-00A0C91BC942}") = "zlib", "..\zlib\zlib.vcxproj", "{FA9D1050-FC30-11DD-87AF-0800200C9A66}"
EndProject
Project("{8BC9CEB8-8B4A-11D0-8D11-00A0C91BC942}") = "crg_stereo_view", "..\crg_stereo_view\crg_stereo_view.vcxproj", "{3AD44ED0-8186-4F28-A19B-F0C26CA40596}"
EndProject
Project("{8BC9CEB8-8B4A-11D0-8D11-00A0C91BC942}") = "glsu", "..\glsu\glsu.vcxproj", "{E0F9BFE1-C51B-4251-8D86-1CC9B7AEA24D}"
EndProject
Project("{8BC9CEB8-8B4A-11D0-8D11-00A0C91BC942}") = "crg_light", "..\crg_light\crg_light.vcxproj", "{3533C86F-A2E8-4733-8057-E1260D4FF37B}"
EndProject
Project("{8BC9CEB8-8B4A-11D0-8D11-00A0C91BC942}") = "cg_ext", "..\cg_ext\cg_ext.vcxproj", "{F229EEE9-9AC7-41FD-9FF0-06276DE5CCE6}"
EndProject
Project("{8BC9CEB8-8B4A-11D0-8D11-00A0C91BC942}") = "cg_icons", "..\cg_icons\cg_icons.vcxproj", "{EEAB296F-7692-495E-8464-DD3D1E0069B0}"
EndProject
Global
	GlobalSection(SolutionConfigurationPlatforms) = preSolution
		Debug Exe|Win32 = Debug Exe|Win32
		Release Exe|Win32 = Release Exe|Win32
		Debug Dll|Win32 = Debug Dll|Win32
		Release Dll|Win32 = Release Dll|Win32
		Debug|Win32 = Debug|Win32
		Release|Win32 = Release|Win32
	EndGlobalSection
	GlobalSection(ProjectConfigurationPlatforms) = postSolution
		{CF2E1CA9-4C1A-42D3-802A-0FF1E0DCF2E1}.Debug Exe|Win32.ActiveCfg = Debug Exe|Win32
		{CF2E1CA9-4C1A-42D3-802A-0FF1E0DCF2E1}.Debug Exe|Win32.Build.0 = Debug Exe|Win32
		{CF2E1CA9-4C1A-42D3-802A-0FF1E0DCF2E1}.Release Exe|Win32.ActiveCfg = Release Exe|Win32
		{CF2E1CA9-4C1A-42D3-802A-0FF1E0DCF2E1}.Release Exe|Win32.Build.0 = Release Exe|Win32
		{CF2E1CA9-4C1A-42D3-802A-0FF1E0DCF2E1}.Debug Dll|Win32.ActiveCfg = Debug Dll|Win32
		{CF2E1CA9-4C1A-42D3-802A-0FF1E0DCF2E1}.Debug Dll|Win32.Build.0 = Debug Dll|Win32
		{CF2E1CA9-4C1A-42D3-802A-0FF1E0DCF2E1}.Release Dll|Win32.ActiveCfg = Release Dll|Win32
		{CF2E1CA9-4C1A-42D3-802A-0FF1E0DCF2E1}.Release Dll|Win32.Build.0 = Release Dll|Win32
		{CF2E1CA9-4C1A-42D3-802A-0FF1E0DCF2E1}.Debug|Win32.ActiveCfg = Debug|Win32
		{CF2E1CA9-4C1A-42D3-802A-0FF1E0DCF2E1}.Debug|Win32.Build.0 = Debug|Win32
		{CF2E1CA9-4C1A-42D3-802A-0FF1E0DCF2E1}.Release|Win32.ActiveCfg = Release|Win32
		{CF2E1CA9-4C1A-42D3-802A-0FF1E0DCF2E1}.Release|Win32.Build.0 = Release|Win32
		{25D15D19-2543-4A26-B02E-9029EEDA103D}.Debug Exe|Win32.ActiveCfg = Debug|Win32
		{25D15D19-2543-4A26-B02E-9029EEDA103D}.Debug Exe|Win32.Build.0 = Debug|Win32
		{25D15D19-2543-4A26-B02E-9029EEDA103D}.Release Exe|Win32.ActiveCfg = Release|Win32
		{25D15D19-2543-4A26-B02E-9029EEDA103D}.Release Exe|Win32.Build.0 = Release|Win32
		{25D15D19-2543-4A26-B02E-9029EEDA103D}.Debug Dll|Win32.ActiveCfg = Debug Dll|Win32
		{25D15D19-2543-4A26-B02E-9029EEDA103D}.Debug Dll|Win32.Build.0 = Debug Dll|Win32
		{25D15D19-2543-4A26-B02E-9029EEDA103D}.Release Dll|Win32.ActiveCfg = Release Dll|Win32
		{25D15D19-2543-4A26-B02E-9029EEDA103D}.Release Dll|Win32.Build.0 = Release Dll|Win32
		{25D15D19-2543-4A26-B02E-9029EEDA103D}.Debug|Win32.ActiveCfg = Debug|Win32
		{25D15D19-2543-4A26-B02E-9029EEDA103D}.Debug|Win32.Build.0 = Debug|Win32
		{25D15D19-2543-4A26-B02E-9029EEDA103D}.Release|Win32.ActiveCfg = Release|Win32
		{25D15D19-2543-4A26-B02E-9029EEDA103D}.Release|Win32.Build.0 = Release|Win32
		{7F328ACD-12F1-44F6-8B32-8A16BCD44574}.Debug Exe|Win32.ActiveCfg = Debug|Win32
		{7F328ACD-12F1-44F6-8B32-8A16BCD44574}.Debug Exe|Win32.Build.0 = Debug|Win32
		{7F328ACD-12F1-44F6-8B32-8A16BCD44574}.Release Exe|Win32.ActiveCfg = Release|Win32
		{7F328ACD-12F1-44F6-8B32-8A16BCD44574}.Release Exe|Win32.Build.0 = Release|Win32
		{7F328ACD-12F1-44F6-8B32-8A16BCD44574}.Debug Dll|Win32.ActiveCfg = Debug Dll|Win32
		{7F328ACD-12F1-44F6-8B32-8A16BCD44574}.Debug Dll|Win32.Build.0 = Debug Dll|Win32
		{7F328ACD-12F1-44F6-8B32-8A16BCD44574}.Release Dll|Win32.ActiveCfg = Release Dll|Win32
		{7F328ACD-12F1-44F6-8B32-8A16BCD44574}.Release Dll|Win32.Build.0 = Release Dll|Win32
		{7F328ACD-12F1-44F6-8B32-8A16BCD44574}.Debug|Win32.ActiveCfg = Debug|Win32
		{7F328ACD-12F1-44F6-8B32-8A16BCD44574}.Debug|Win32.Build.0 = Debug|Win32
		{7F328ACD-12F1-44F6-8B32-8A16BCD44574}.Release|Win32.ActiveCfg = Release|Win32
		{7F328ACD-12F1-44F6-8B32-8A16BCD44574}.Release|Win32.Build.0 = Release|Win32
		{D5EA7384-9AAF-420A-9AFD-38BB5E341BD0}.Debug Exe|Win32.ActiveCfg = Debug|Win32
		{D5EA7384-9AAF-420A-9AFD-38BB5E341BD0}.Debug Exe|Win32.Build.0 = Debug|Win32
		{D5EA7384-9AAF-420A-9AFD-38BB5E341BD0}.Release Exe|Win32.ActiveCfg = Release|Win32
		{D5EA7384-9AAF-420A-9AFD-38BB5E341BD0}.Release Exe|Win32.Build.0 = Release|Win32
		{D5EA7384-9AAF-420A-9AFD-38BB5E341BD0}.Debug Dll|Win32.ActiveCfg = Debug Dll|Win32
		{D5EA7384-9AAF-420A-9AFD-38BB5E341BD0}.Debug Dll|Win32.Build.0 = Debug Dll|Win32
		{D5EA7384-9AAF-420A-9AFD-38BB5E341BD0}.Release Dll|Win32.ActiveCfg = Release Dll|Win32
		{D5EA7384-9AAF-420A-9AFD-38BB5E341BD0}.Release Dll|Win32.Build.0 = Release Dll|Win32
		{D5EA7384-9AAF-420A-9AFD-38BB5E341BD0}.Debug|Win32.ActiveCfg = Debug|Win32
		{D5EA7384-9AAF-420A-9AFD-38BB5E341BD0}.Debug|Win32.Build.0 = Debug|Win32
		{D5EA7384-9AAF-420A-9AFD-38BB5E341BD0}.Release|Win32.ActiveCfg = Release|Win32
		{D5EA7384-9AAF-420A-9AFD-38BB5E341BD0}.Release|Win32.Build.0 = Release|Win32
		{33EB7BF2-8115-4C56-AA46-F7DDAF82965E}.Debug Exe|Win32.ActiveCfg = Debug|Win32
		{33EB7BF2-8115-4C56-AA46-F7DDAF82965E}.Debug Exe|Win32.Build.0 = Debug|Win32
		{33EB7BF2-8115-4C56-AA46-F7DDAF82965E}.Release Exe|Win32.ActiveCfg = Release|Win32
		{33EB7BF2-8115-4C56-AA46-F7DDAF82965E}.Release Exe|Win32.Build.0 = Release|Win32
		{33EB7BF2-8115-4C56-AA46-F7DDAF82965E}.Debug Dll|Win32.ActiveCfg = Debug Dll|Win32
		{33EB7BF2-8115-4C56-AA46-F7DDAF82965E}.Debug Dll|Win32.Build.0 = Debug Dll|Win32
		{33EB7BF2-8115-4C56-AA46-F7DDAF82965E}.Release Dll|Win32.ActiveCfg = Release Dll|Win32
		{33EB7BF2-8115-4C56-AA46-F7DDAF82965E}.Release Dll|Win32.Build.0 = Release Dll|Win32
		{33EB7BF2-8115-4C56-AA46-F7DDAF82965E}.Debug|Win32.ActiveCfg = Debug|Win32
		{33EB7BF2-8115-4C56-AA46-F7DDAF82965E}.Debug|Win32.Build.0 = Debug|Win32
		{33EB7BF2-8115-4C56-AA46-F7DDAF82965E}.Release|Win32.ActiveCfg = Release|Win32
		{33EB7BF2-8115-4C56-AA46-F7DDAF82965E}.Release|Win32.Build.0 = Release|Win32
		{F8050E4A-8AD6-43ED-A8DA-2EA7DF365030}.Debug Exe|Win32.ActiveCfg = Debug|Win32
		{F8050E4A-8AD6-43ED-A8DA-2EA7DF365030}.Debug Exe|Win32.Build.0 = Debug|Win32
		{F8050E4A-8AD6-43ED-A8DA-2EA7DF365030}.Release Exe|Win32.ActiveCfg = Release|Win32
		{F8050E4A-8AD6-43ED-A8DA-2EA7DF365030}.Release Exe|Win32.Build.0 = Release|Win32
		{F8050E4A-8AD6-43ED-A8DA-2EA7DF365030}.Debug Dll|Win32.ActiveCfg = Debug Dll|Win32
		{F8050E4A-8AD6-43ED-A8DA-2EA7DF365030}.Debug Dll|Win32.Build.0 = Debug Dll|Win32
		{F8050E4A-8AD6-43ED-A8DA-2EA7DF365030}.Release Dll|Win32.ActiveCfg = Release Dll|Win32
		{F8050E4A-8AD6-43ED-A8DA-2EA7DF365030}.Release Dll|Win32.Build.0 = Release Dll|Win32
		{F8050E4A-8AD6-43ED-A8DA-2EA7DF365030}.Debug|Win32.ActiveCfg = Debug|Win32
		{F8050E4A-8AD6-43ED-A8DA-2EA7DF365030}.Debug|Win32.Build.0 = Debug|Win32
		{F8050E4A-8AD6-43ED-A8DA-2EA7DF365030}.Release|Win32.ActiveCfg = Release|Win32
		{F8050E4A-8AD6-43ED-A8DA-2EA7DF365030}.Release|Win32.Build.0 = Release|Win32
		{AD3F46B7-ADFC-4204-872B-AFC04ADE28EC}.Debug Exe|Win32.ActiveCfg = Debug|Win32
		{AD3F46B7-ADFC-4204-872B-AFC04ADE28EC}.Debug Exe|Win32.Build.0 = Debug|Win32
		{AD3F46B7-ADFC-4204-872B-AFC04ADE28EC}.Release Exe|Win32.ActiveCfg = Release|Win32
		{AD3F46B7-ADFC-4204-872B-AFC04ADE28EC}.Release Exe|Win32.Build.0 = Release|Win32
		{AD3F46B7-ADFC-4204-872B-AFC04ADE28EC}.Debug Dll|Win32.ActiveCfg = Debug Dll|Win32
		{AD3F46B7-ADFC-4204-872B-AFC04ADE28EC}.Debug Dll|Win32.Build.0 = Debug Dll|Win32
		{AD3F46B7-ADFC-4204-872B-AFC04ADE28EC}.Release Dll|Win32.ActiveCfg = Release Dll|Win32
		{AD3F46B7-ADFC-4204-872B-AFC04ADE28EC}.Release Dll|Win32.Build.0 = Release Dll|Win32
		{AD3F46B7-ADFC-4204-872B-AFC04ADE28EC}.Debug|Win32.ActiveCfg = Debug|Win32
		{AD3F46B7-ADFC-4204-872B-AFC04ADE28EC}.Debug|Win32.Build.0 = Debug|Win32
		{AD3F46B7-ADFC-4204-872B-AFC04ADE28EC}.Release|Win32.ActiveCfg = Release|Win32
		{AD3F46B7-ADFC-4204-872B-AFC04ADE28EC}.Release|Win32.Build.0 = Release|Win32
		{007BDDD7-C862-4181-9AB5-1FE6394A6BAB}.Debug Exe|Win32.ActiveCfg = Debug|Win32
		{007BDDD7-C862-4181-9AB5-1FE6394A6BAB}.Debug Exe|Win32.Build.0 = Debug|Win32
		{007BDDD7-C862-4181-9AB5-1FE6394A6BAB}.Release Exe|Win32.ActiveCfg = Release|Win32
		{007BDDD7-C862-4181-9AB5-1FE6394A6BAB}.Release Exe|Win32.Build.0 = Release|Win32
		{007BDDD7-C862-4181-9AB5-1FE6394A6BAB}.Debug Dll|Win32.ActiveCfg = Debug Dll|Win32
		{007BDDD7-C862-4181-9AB5-1FE6394A6BAB}.Debug Dll|Win32.Build.0 = Debug Dll|Win32
		{007BDDD7-C862-4181-9AB5-1FE6394A6BAB}.Release Dll|Win32.ActiveCfg = Release Dll|Win32
		{007BDDD7-C862-4181-9AB5-1FE6394A6BAB}.Release Dll|Win32.Build.0 = Release Dll|Win32
		{007BDDD7-C862-4181-9AB5-1FE6394A6BAB}.Debug|Win32.ActiveCfg = Debug|Win32
		{007BDDD7-C862-4181-9AB5-1FE6394A6BAB}.Debug|Win32.Build.0 = Debug|Win32
		{007BDDD7-C862-4181-9AB5-1FE6394A6BAB}.Release|Win32.ActiveCfg = Release|Win32
		{007BDDD7-C862-4181-9AB5-1FE6394A6BAB}.Release|Win32.Build.0 = Release|Win32
		{06437363-3B8B-4005-8744-79F2698666F1}.Debug Exe|Win32.ActiveCfg = Debug|Win32
		{06437363-3B8B-4005-8744-79F2698666F1}.Debug Exe|Win32.Build.0 = Debug|Win32
		{06437363-3B8B-4005-8744-79F2698666F1}.Release Exe|Win32.ActiveCfg = Release|Win32
		{06437363-3B8B-4005-8744-79F2698666F1}.Release Exe|Win32.Build.0 = Release|Win32
		{06437363-3B8B-4005-8744-79F2698666F1}.Debug Dll|Win32.ActiveCfg = Debug Dll|Win32
		{06437363-3B8B-4005-8744-79F2698666F1}.Debug Dll|Win32.Build.0 = Debug Dll|Win32
		{06437363-3B8B-4005-8744-79F2698666F1}.Release Dll|Win32.ActiveCfg = Release Dll|Win32
		{06437363-3B8B-4005-8744-79F2698666F1}.Release Dll|Win32.Build.0 = Release Dll|Win32
		{06437363-3B8B-4005-8744-79F2698666F1}.Debug|Win32.ActiveCfg = Debug|Win32
		{06437363-3B8B-4005-8744-79F2698666F1}.Debug|Win32.Build.0 = Debug|Win32
		{06437363-3B8B-4005-8744-79F2698666F1}.Release|Win32.ActiveCfg = Release|Win32
		{06437363-3B8B-4005-8744-79F2698666F1}.Release|Win32.Build.0 = Release|Win32
		{5EFDDD95-15F8-4A18-B96B-79652EA6553E}.Debug Exe|Win32.ActiveCfg = Debug|Win32
		{5EFDDD95-15F8-4A18-B96B-79652EA6553E}.Debug Exe|Win32.Build.0 = Debug|Win32
		{5EFDDD95-15F8-4A18-B96B-79652EA6553E}.Release Exe|Win32.ActiveCfg = Release|Win32
		{5EFDDD95-15F8-4A18-B96B-79652EA6553E}.Release Exe|Win32.Build.0 = Release|Win32
		{5EFDDD95-15F8-4A18-B96B-79652EA6553E}.Debug Dll|Win32.ActiveCfg = Debug Dll|Win32
		{5EFDDD95-15F8-4A18-B96B-79652EA6553E}.Debug Dll|Win32.Build.0 = Debug Dll|Win32
		{5EFDDD95-15F8-4A18-B96B-79652EA6553E}.Release Dll|Win32.ActiveCfg = Release Dll|Win32
		{5EFDDD95-15F8-4A18-B96B-79652EA6553E}.Release Dll|Win32.Build.0 = Release Dll|Win32
		{5EFDDD95-15F8-4A18-B96B-79652EA6553E}.Debug|Win32.ActiveCfg = Debug|Win32
		{5EFDDD95-15F8-4A18-B96B-79652EA6553E}.Debug|Win32.Build.0 = Debug|Win32
		{5EFDDD95-15F8-4A18-B96B-79652EA6553E}.Release|Win32.ActiveCfg = Release|Win32
		{5EFDDD95-15F8-4A18-B96B-79652EA6553E}.Release|Win32.Build.0 = Release|Win32
		{8FACC951-6CBE-4911-A3A2-CDED3D7F6B5D}.Debug Exe|Win32.ActiveCfg = Debug|Win32
		{8FACC951-6CBE-4911-A3A2-CDED3D7F6B5D}.Debug Exe|Win32.Build.0 = Debug|Win32
		{8FACC951-6CBE-4911-A3A2-CDED3D7F6B5D}.Release Exe|Win32.ActiveCfg = Release|Win32
		{8FACC951-6CBE-4911-A3A2-CDED3D7F6B5D}.Release Exe|Win32.Build.0 = Release|Win32
		{8FACC951-6CBE-4911-A3A2-CDED3D7F6B5D}.Debug Dll|Win32.ActiveCfg = Debug Dll|Win32
		{8FACC951-6CBE-4911-A3A2-CDED3D7F6B5D}.Debug Dll|Win32.Build.0 = Debug Dll|Win32
		{8FACC951-6CBE-4911-A3A2-CDED3D7F6B5D}.Release Dll|Win32.ActiveCfg = Release Dll|Win32
		{8FACC951-6CBE-4911-A3A2-CDED3D7F6B5D}.Release Dll|Win32.Build.0 = Release Dll|Win32
		{8FACC951-6CBE-4911-A3A2-CDED3D7F6B5D}.Debug|Win32.ActiveCfg = Debug|Win32
		{8FACC951-6CBE-4911-A3A2-CDED3D7F6B5D}.Debug|Win32.Build.0 = Debug|Win32
		{8FACC951-6CBE-4911-A3A2-CDED3D7F6B5D}.Release|Win32.ActiveCfg = Release|Win32
		{8FACC951-6CBE-4911-A3A2-CDED3D7F6B5D}.Release|Win32.Build.0 = Release|Win32
		{69D7B3B7-66E4-4D0D-A874-0F6AADC721CD}.Debug Exe|Win32.ActiveCfg = Debug|Win32
		{69D7B3B7-66E4-4D0D-A874-0F6AADC721CD}.Debug Exe|Win32.Build.0 = Debug|Win32
		{69D7B3B7-66E4-4D0D-A874-0F6AADC721CD}.Release Exe|Win32.ActiveCfg = Release|Win32
		{69D7B3B7-66E4-4D0D-A874-0F6AADC721CD}.Release Exe|Win32.Build.0 = Release|Win32
		{69D7B3B7-66E4-4D0D-A874-0F6AADC721CD}.Debug Dll|Win32.ActiveCfg = Debug Dll|Win32
		{69D7B3B7-66E4-4D0D-A874-0F6AADC721CD}.Debug Dll|Win32.Build.0 = Debug Dll|Win32
		{69D7B3B7-66E4-4D0D-A874-0F6AADC721CD}.Release Dll|Win32.ActiveCfg = Release Dll|Win32
		{69D7B3B7-66E4-4D0D-A874-0F6AADC721CD}.Release Dll|Win32.Build.0 = Release Dll|Win32
		{69D7B3B7-66E4-4D0D-A874-0F6AADC721CD}.Debug|Win32.ActiveCfg = Debug|Win32
		{69D7B3B7-66E4-4D0D-A874-0F6AADC721CD}.Debug|Win32.Build.0 = Debug|Win32
		{69D7B3B7-66E4-4D0D-A874-0F6AADC721CD}.Release|Win32.ActiveCfg = Release|Win32
		{69D7B3B7-66E4-4D0D-A874-0F6AADC721CD}.Release|Win32.Build.0 = Release|Win32
		{4B407CE9-D1A4-449E-9A74-6EAD5D6DF93A}.Debug Exe|Win32.ActiveCfg = Debug|Win32
		{4B407CE9-D1A4-449E-9A74-6EAD5D6DF93A}.Debug Exe|Win32.Build.0 = Debug|Win32
		{4B407CE9-D1A4-449E-9A74-6EAD5D6DF93A}.Release Exe|Win32.ActiveCfg = Release|Win32
		{4B407CE9-D1A4-449E-9A74-6EAD5D6DF93A}.Release Exe|Win32.Build.0 = Release|Win32
		{4B407CE9-D1A4-449E-9A74-6EAD5D6DF93A}.Debug Dll|Win32.ActiveCfg = Debug Dll|Win32
		{4B407CE9-D1A4-449E-9A74-6EAD5D6DF93A}.Debug Dll|Win32.Build.0 = Debug Dll|Win32
		{4B407CE9-D1A4-449E-9A74-6EAD5D6DF93A}.Release Dll|Win32.ActiveCfg = Release Dll|Win32
		{4B407CE9-D1A4-449E-9A74-6EAD5D6DF93A}.Release Dll|Win32.Build.0 = Release Dll|Win32
		{4B407CE9-D1A4-449E-9A74-6EAD5D6DF93A}.Debug|Win32.ActiveCfg = Debug|Win32
		{4B407CE9-D1A4-449E-9A74-6EAD5D6DF93A}.Debug|Win32.Build.0 = Debug|Win32
		{4B407CE9-D1A4-449E-9A74-6EAD5D6DF93A}.Release|Win32.ActiveCfg = Release|Win32
		{4B407CE9-D1A4-449E-9A74-6EAD5D6DF93A}.Release|Win32.Build.0 = Release|Win32
		{298E3418-DEA7-4B02-A993-FB942B9095D8}.Debug Exe|Win32.ActiveCfg = Debug|Win32
		{298E3418-DEA7-4B02-A993-FB942B9095D8}.Debug Exe|Win32.Build.0 = Debug|Win32
		{298E3418-DEA7-4B02-A993-FB942B9095D8}.Release Exe|Win32.ActiveCfg = Release|Win32
		{298E3418-DEA7-4B02-A993-FB942B9095D8}.Release Exe|Win32.Build.0 = Release|Win32
		{298E3418-DEA7-4B02-A993-FB942B9095D8}.Debug Dll|Win32.ActiveCfg = Debug Dll|Win32
		{298E3418-DEA7-4B02-A993-FB942B9095D8}.Debug Dll|Win32.Build.0 = Debug Dll|Win32
		{298E3418-DEA7-4B02-A993-FB942B9095D8}.Release Dll|Win32.ActiveCfg = Release Dll|Win32
		{298E3418-DEA7-4B02-A993-FB942B9095D8}.Release Dll|Win32.Build.0 = Release Dll|Win32
		{298E3418-DEA7-4B02-A993-FB942B9095D8}.Debug|Win32.ActiveCfg = Debug|Win32
		{298E3418-DEA7-4B02-A993-FB942B9095D8}.Debug|Win32.Build.0 = Debug|Win32
		{298E3418-DEA7-4B02-A993-FB942B9095D8}.Release|Win32.ActiveCfg = Release|Win32
		{298E3418-DEA7-4B02-A993-FB942B9095D8}.Release|Win32.Build.0 = Release|Win32
		{DAE9F54B-3777-4FB7-9231-73451E00E197}.Debug Exe|Win32.ActiveCfg = Debug|Win32
		{DAE9F54B-3777-4FB7-9231-73451E00E197}.Debug Exe|Win32.Build.0 = Debug|Win32
		{DAE9F54B-3777-4FB7-9231-73451E00E197}.Release Exe|Win32.ActiveCfg = Release|Win32
		{DAE9F54B-3777-4FB7-9231-73451E00E197}.Release Exe|Win32.Build.0 = Release|Win32
		{DAE9F54B-3777-4FB7-9231-73451E00E197}.Debug Dll|Win32.ActiveCfg = Debug Dll|Win32
		{DAE9F54B-3777-4FB7-9231-73451E00E197}.Debug Dll|Win32.Build.0 = Debug Dll|Win32
		{DAE9F54B-3777-4FB7-9231-73451E00E197}.Release Dll|Win32.ActiveCfg = Release Dll|Win32
		{DAE9F54B-3777-4FB7-9231-73451E00E197}.Release Dll|Win32.Build.0 = Release Dll|Win32
		{DAE9F54B-3777-4FB7-9231-73451E00E197}.Debug|Win32.ActiveCfg = Debug|Win32
		{DAE9F54B-3777-4FB7-9231-73451E00E197}.Debug|Win32.Build.0 = Debug|Win32
		{DAE9F54B-3777-4FB7-9231-73451E00E197}.Release|Win32.ActiveCfg = Release|Win32
		{DAE9F54B-3777-4FB7-9231-73451E00E197}.Release|Win32.Build.0 = Release|Win32
		{D120F524-7A7E-4B3F-8D71-08FF29349578}.Debug Exe|Win32.ActiveCfg = Release|Win32
		{D120F524-7A7E-4B3F-8D71-08FF29349578}.Debug Exe|Win32.Build.0 = Release|Win32
		{D120F524-7A7E-4B3F-8D71-08FF29349578}.Release Exe|Win32.ActiveCfg = Release|Win32
		{D120F524-7A7E-4B3F-8D71-08FF29349578}.Release Exe|Win32.Build.0 = Release|Win32
		{D120F524-7A7E-4B3F-8D71-08FF29349578}.Debug Dll|Win32.ActiveCfg = Release|Win32
		{D120F524-7A7E-4B3F-8D71-08FF29349578}.Debug Dll|Win32.Build.0 = Release|Win32
		{D120F524-7A7E-4B3F-8D71-08FF29349578}.Release Dll|Win32.ActiveCfg = Release|Win32
		{D120F524-7A7E-4B3F-8D71-08FF29349578}.Release Dll|Win32.Build.0 = Release|Win32
		{D120F524-7A7E-4B3F-8D71-08FF29349578}.Debug|Win32.ActiveCfg = Release|Win32
		{D120F524-7A7E-4B3F-8D71-08FF29349578}.Debug|Win32.Build.0 = Release|Win32
		{D120F524-7A7E-4B3F-8D71-08FF29349578}.Release|Win32.ActiveCfg = Release|Win32
		{D120F524-7A7E-4B3F-8D71-08FF29349578}.Release|Win32.Build.0 = Release|Win32
		{8904414D-C452-4EC1-822E-8D6096B6EBFC}.Debug Exe|Win32.ActiveCfg = Debug|Win32
		{8904414D-C452-4EC1-822E-8D6096B6EBFC}.Debug Exe|Win32.Build.0 = Debug|Win32
		{8904414D-C452-4EC1-822E-8D6096B6EBFC}.Release Exe|Win32.ActiveCfg = Release|Win32
		{8904414D-C452-4EC1-822E-8D6096B6EBFC}.Release Exe|Win32.Build.0 = Release|Win32
		{8904414D-C452-4EC1-822E-8D6096B6EBFC}.Debug Dll|Win32.ActiveCfg = Debug Dll|Win32
		{8904414D-C452-4EC1-822E-8D6096B6EBFC}.Debug Dll|Win32.Build.0 = Debug Dll|Win32
		{8904414D-C452-4EC1-822E-8D6096B6EBFC}.Release Dll|Win32.ActiveCfg = Release Dll|Win32
		{8904414D-C452-4EC1-822E-8D6096B6EBFC}.Release Dll|Win32.Build.0 = Release Dll|Win32
		{8904414D-C452-4EC1-822E-8D6096B6EBFC}.Debug|Win32.ActiveCfg = Debug|Win32
		{8904414D-C452-4EC1-822E-8D6096B6EBFC}.Debug|Win32.Build.0 = Debug|Win32
		{8904414D-C452-4EC1-822E-8D6096B6EBFC}.Release|Win32.ActiveCfg = Release|Win32
		{8904414D-C452-4EC1-822E-8D6096B6EBFC}.Release|Win32.Build.0 = Release|Win32
		{F514B4C6-C19A-4137-8C8E-CE0B6D956B39}.Debug Exe|Win32.ActiveCfg = Release|Win32
		{F514B4C6-C19A-4137-8C8E-CE0B6D956B39}.Debug Exe|Win32.Build.0 = Release|Win32
		{F514B4C6-C19A-4137-8C8E-CE0B6D956B39}.Release Exe|Win32.ActiveCfg = Release|Win32
		{F514B4C6-C19A-4137-8C8E-CE0B6D956B39}.Release Exe|Win32.Build.0 = Release|Win32
		{F514B4C6-C19A-4137-8C8E-CE0B6D956B39}.Debug Dll|Win32.ActiveCfg = Release|Win32
		{F514B4C6-C19A-4137-8C8E-CE0B6D956B39}.Debug Dll|Win32.Build.0 = Release|Win32
		{F514B4C6-C19A-4137-8C8E-CE0B6D956B39}.Release Dll|Win32.ActiveCfg = Release|Win32
		{F514B4C6-C19A-4137-8C8E-CE0B6D956B39}.Release Dll|Win32.Build.0 = Release|Win32
		{F514B4C6-C19A-4137-8C8E-CE0B6D956B39}.Debug|Win32.ActiveCfg = Release|Win32
		{F514B4C6-C19A-4137-8C8E-CE0B6D956B39}.Debug|Win32.Build.0 = Release|Win32
		{F514B4C6-C19A-4137-8C8E-CE0B6D956B39}.Release|Win32.ActiveCfg = Release|Win32
		{F514B4C6-C19A-4137-8C8E-CE0B6D956B39}.Release|Win32.Build.0 = Release|Win32
		{E4E3902D-4700-4EE9-A64E-6BD4DD762E73}.Debug Exe|Win32.ActiveCfg = Debug|Win32
		{E4E3902D-4700-4EE9-A64E-6BD4DD762E73}.Debug Exe|Win32.Build.0 = Debug|Win32
		{E4E3902D-4700-4EE9-A64E-6BD4DD762E73}.Release Exe|Win32.ActiveCfg = Release|Win32
		{E4E3902D-4700-4EE9-A64E-6BD4DD762E73}.Release Exe|Win32.Build.0 = Release|Win32
		{E4E3902D-4700-4EE9-A64E-6BD4DD762E73}.Debug Dll|Win32.ActiveCfg = Debug Dll|Win32
		{E4E3902D-4700-4EE9-A64E-6BD4DD762E73}.Debug Dll|Win32.Build.0 = Debug Dll|Win32
		{E4E3902D-4700-4EE9-A64E-6BD4DD762E73}.Release Dll|Win32.ActiveCfg = Release Dll|Win32
		{E4E3902D-4700-4EE9-A64E-6BD4DD762E73}.Release Dll|Win32.Build.0 = Release Dll|Win32
		{E4E3902D-4700-4EE9-A64E-6BD4DD762E73}.Debug|Win32.ActiveCfg = Debug|Win32
		{E4E3902D-4700-4EE9-A64E-6BD4DD762E73}.Debug|Win32.Build.0 = Debug|Win32
		{E4E3902D-4700-4EE9-A64E-6BD4DD762E73}.Release|Win32.ActiveCfg = Release|Win32
		{E4E3902D-4700-4EE9-A64E-6BD4DD762E73}.Release|Win32.Build.0 = Release|Win32
		{8A717941-3E46-459C-B967-C6AAF214D9EA}.Debug Exe|Win32.ActiveCfg = Debug|Win32
		{8A717941-3E46-459C-B967-C6AAF214D9EA}.Debug Exe|Win32.Build.0 = Debug|Win32
		{8A717941-3E46-459C-B967-C6AAF214D9EA}.Release Exe|Win32.ActiveCfg = Release|Win32
		{8A717941-3E46-459C-B967-C6AAF214D9EA}.Release Exe|Win32.Build.0 = Release|Win32
		{8A717941-3E46-459C-B967-C6AAF214D9EA}.Debug Dll|Win32.ActiveCfg = Debug Dll|Win32
		{8A717941-3E46-459C-B967-C6AAF214D9EA}.Debug Dll|Win32.Build.0 = Debug Dll|Win32
		{8A717941-3E46-459C-B967-C6AAF214D9EA}.Release Dll|Win32.ActiveCfg = Release Dll|Win32
		{8A717941-3E46-459C-B967-C6AAF214D9EA}.Release Dll|Win32.Build.0 = Release Dll|Win32
		{8A717941-3E46-459C-B967-C6AAF214D9EA}.Debug|Win32.ActiveCfg = Debug|Win32
		{8A717941-3E46-459C-B967-C6AAF214D9EA}.Debug|Win32.Build.0 = Debug|Win32
		{8A717941-3E46-459C-B967-C6AAF214D9EA}.Release|Win32.ActiveCfg = Release|Win32
		{8A717941-3E46-459C-B967-C6AAF214D9EA}.Release|Win32.Build.0 = Release|Win32
		{FF214260-FD00-11DD-87AF-0800200C9A66}.Debug Exe|Win32.ActiveCfg = Debug|Win32
		{FF214260-FD00-11DD-87AF-0800200C9A66}.Debug Exe|Win32.Build.0 = Debug|Win32
		{FF214260-FD00-11DD-87AF-0800200C9A66}.Release Exe|Win32.ActiveCfg = Release|Win32
		{FF214260-FD00-11DD-87AF-0800200C9A66}.Release Exe|Win32.Build.0 = Release|Win32
		{FF214260-FD00-11DD-87AF-0800200C9A66}.Debug Dll|Win32.ActiveCfg = Debug Dll|Win32
		{FF214260-FD00-11DD-87AF-0800200C9A66}.Debug Dll|Win32.Build.0 = Debug Dll|Win32
		{FF214260-FD00-11DD-87AF-0800200C9A66}.Release Dll|Win32.ActiveCfg = Release Dll|Win32
		{FF214260-FD00-11DD-87AF-0800200C9A66}.Release Dll|Win32.Build.0 = Release Dll|Win32
		{FF214260-FD00-11DD-87AF-0800200C9A66}.Debug|Win32.ActiveCfg = Debug|Win32
		{FF214260-FD00-11DD-87AF-0800200C9A66}.Debug|Win32.Build.0 = Debug|Win32
		{FF214260-FD00-11DD-87AF-0800200C9A66}.Release|Win32.ActiveCfg = Release|Win32
		{FF214260-FD00-11DD-87AF-0800200C9A66}.Release|Win32.Build.0 = Release|Win32
		{1CD43810-FC31-11DD-87AF-0800200C9A66}.Debug Exe|Win32.ActiveCfg = Debug|Win32
		{1CD43810-FC31-11DD-87AF-0800200C9A66}.Debug Exe|Win32.Build.0 = Debug|Win32
		{1CD43810-FC31-11DD-87AF-0800200C9A66}.Release Exe|Win32.ActiveCfg = Release|Win32
		{1CD43810-FC31-11DD-87AF-0800200C9A66}.Release Exe|Win32.Build.0 = Release|Win32
		{1CD43810-FC31-11DD-87AF-0800200C9A66}.Debug Dll|Win32.ActiveCfg = Debug Dll|Win32
		{1CD43810-FC31-11DD-87AF-0800200C9A66}.Debug Dll|Win32.Build.0 = Debug Dll|Win32
		{1CD43810-FC31-11DD-87AF-0800200C9A66}.Release Dll|Win32.ActiveCfg = Release Dll|Win32
		{1CD43810-FC31-11DD-87AF-0800200C9A66}.Release Dll|Win32.Build.0 = Release Dll|Win32
		{1CD43810-FC31-11DD-87AF-0800200C9A66}.Debug|Win32.ActiveCfg = Debug|Win32
		{1CD43810-FC31-11DD-87AF-0800200C9A66}.Debug|Win32.Build.0 = Debug|Win32
		{1CD43810-FC31-11DD-87AF-0800200C9A66}.Release|Win32.ActiveCfg = Release|Win32
		{1CD43810-FC31-11DD-87AF-0800200C9A66}.Release|Win32.Build.0 = Release|Win32
		{B4ACE650-FC31-11DD-87AF-0800200C9A66}.Debug Exe|Win32.ActiveCfg = Debug|Win32
		{B4ACE650-FC31-11DD-87AF-0800200C9A66}.Debug Exe|Win32.Build.0 = Debug|Win32
		{B4ACE650-FC31-11DD-87AF-0800200C9A66}.Release Exe|Win32.ActiveCfg = Release|Win32
		{B4ACE650-FC31-11DD-87AF-0800200C9A66}.Release Exe|Win32.Build.0 = Release|Win32
		{B4ACE650-FC31-11DD-87AF-0800200C9A66}.Debug Dll|Win32.ActiveCfg = Debug Dll|Win32
		{B4ACE650-FC31-11DD-87AF-0800200C9A66}.Debug Dll|Win32.Build.0 = Debug Dll|Win32
		{B4ACE650-FC31-11DD-87AF-0800200C9A66}.Release Dll|Win32.ActiveCfg = Release Dll|Win32
		{B4ACE650-FC31-11DD-87AF-0800200C9A66}.Release Dll|Win32.Build.0 = Release Dll|Win32
		{B4ACE650-FC31-11DD-87AF-0800200C9A66}.Debug|Win32.ActiveCfg = Debug|Win32
		{B4ACE650-FC31-11DD-87AF-0800200C9A66}.Debug|Win32.Build.0 = Debug|Win32
		{B4ACE650-FC31-11DD-87AF-0800200C9A66}.Release|Win32.ActiveCfg = Release|Win32
		{B4ACE650-FC31-11DD-87AF-0800200C9A66}.Release|Win32.Build.0 = Release|Win32
		{FA9D1050-FC30-11DD-87AF-0800200C9A66}.Debug Exe|Win32.ActiveCfg = Debug|Win32
		{FA9D1050-FC30-11DD-87AF-0800200C9A66}.Debug Exe|Win32.Build.0 = Debug|Win32
		{FA9D1050-FC30-11DD-87AF-0800200C9A66}.Release Exe|Win32.ActiveCfg = Release|Win32
		{FA9D1050-FC30-11DD-87AF-0800200C9A66}.Release Exe|Win32.Build.0 = Release|Win32
		{FA9D1050-FC30-11DD-87AF-0800200C9A66}.Debug Dll|Win32.ActiveCfg = Debug Dll|Win32
		{FA9D1050-FC30-11DD-87AF-0800200C9A66}.Debug Dll|Win32.Build.0 = Debug Dll|Win32
		{FA9D1050-FC30-11DD-87AF-0800200C9A66}.Release Dll|Win32.ActiveCfg = Release Dll|Win32
		{FA9D1050-FC30-11DD-87AF-0800200C9A66}.Release Dll|Win32.Build.0 = Release Dll|Win32
		{FA9D1050-FC30-11DD-87AF-0800200C9A66}.Debug|Win32.ActiveCfg = Debug|Win32
		{FA9D1050-FC30-11DD-87AF-0800200C9A66}.Debug|Win32.Build.0 = Debug|Win32
		{FA9D1050-FC30-11DD-87AF-0800200C9A66}.Release|Win32.ActiveCfg = Release|Win32
		{FA9D1050-FC30-11DD-87AF-0800200C9A66}.Release|Win32.Build.0 = Release|Win32
		{3AD44ED0-8186-4F28-A19B-F0C26CA40596}.Debug Exe|Win32.ActiveCfg = Debug|Win32
		{3AD44ED0-8186-4F28-A19B-F0C26CA40596}.Debug Exe|Win32.Build.0 = Debug|Win32
		{3AD44ED0-8186-4F28-A19B-F0C26CA40596}.Release Exe|Win32.ActiveCfg = Release|Win32
		{3AD44ED0-8186-4F28-A19B-F0C26CA40596}.Release Exe|Win32.Build.0 = Release|Win32
		{3AD44ED0-8186-4F28-A19B-F0C26CA40596}.Debug Dll|Win32.ActiveCfg = Debug Dll|Win32
		{3AD44ED0-8186-4F28-A19B-F0C26CA40596}.Debug Dll|Win32.Build.0 = Debug Dll|Win32
		{3AD44ED0-8186-4F28-A19B-F0C26CA40596}.Release Dll|Win32.ActiveCfg = Release Dll|Win32
		{3AD44ED0-8186-4F28-A19B-F0C26CA40596}.Release Dll|Win32.Build.0 = Release Dll|Win32
		{3AD44ED0-8186-4F28-A19B-F0C26CA40596}.Debug|Win32.ActiveCfg = Debug|Win32
		{3AD44ED0-8186-4F28-A19B-F0C26CA40596}.Debug|Win32.Build.0 = Debug|Win32
		{3AD44ED0-8186-4F28-A19B-F0C26CA40596}.Release|Win32.ActiveCfg = Release|Win32
		{3AD44ED0-8186-4F28-A19B-F0C26CA40596}.Release|Win32.Build.0 = Release|Win32
		{E0F9BFE1-C51B-4251-8D86-1CC9B7AEA24D}.Debug Exe|Win32.ActiveCfg = Debug|Win32
		{E0F9BFE1-C51B-4251-8D86-1CC9B7AEA24D}.Debug Exe|Win32.Build.0 = Debug|Win32
		{E0F9BFE1-C51B-4251-8D86-1CC9B7AEA24D}.Release Exe|Win32.ActiveCfg = Release|Win32
		{E0F9BFE1-C51B-4251-8D86-1CC9B7AEA24D}.Release Exe|Win32.Build.0 = Release|Win32
		{E0F9BFE1-C51B-4251-8D86-1CC9B7AEA24D}.Debug Dll|Win32.ActiveCfg = Debug Dll|Win32
		{E0F9BFE1-C51B-4251-8D86-1CC9B7AEA24D}.Debug Dll|Win32.Build.0 = Debug Dll|Win32
		{E0F9BFE1-C51B-4251-8D86-1CC9B7AEA24D}.Release Dll|Win32.ActiveCfg = Release Dll|Win32
		{E0F9BFE1-C51B-4251-8D86-1CC9B7AEA24D}.Release Dll|Win32.Build.0 = Release Dll|Win32
		{E0F9BFE1-C51B-4251-8D86-1CC9B7AEA24D}.Debug|Win32.ActiveCfg = Debug|Win32
		{E0F9BFE1-C51B-4251-8D86-1CC9B7AEA24D}.Debug|Win32.Build.0 = Debug|Win32
		{E0F9BFE1-C51B-4251-8D86-1CC9B7AEA24D}.Release|Win32.ActiveCfg = Release|Win32
		{E0F9BFE1-C51B-4251-8D86-1CC9B7AEA24D}.Release|Win32.Build.0 = Release|Win32
		{3533C86F-A2E8-4733-8057-E1260D4FF37B}.Debug Exe|Win32.ActiveCfg = Debug|Win32
		{3533C86F-A2E8-4733-8057-E1260D4FF37B}.Debug Exe|Win32.Build.0 = Debug|Win32
		{3533C86F-A2E8-4733-8057-E1260D4FF37B}.Release Exe|Win32.ActiveCfg = Release|Win32
		{3533C86F-A2E8-4733-8057-E1260D4FF37B}.Release Exe|Win32.Build.0 = Release|Win32
		{3533C86F-A2E8-4733-8057-E1260D4FF37B}.Debug Dll|Win32.ActiveCfg = Debug Dll|Win32
		{3533C86F-A2E8-4733-8057-E1260D4FF37B}.Debug Dll|Win32.Build.0 = Debug Dll|Win32
		{3533C86F-A2E8-4733-8057-E1260D4FF37B}.Release Dll|Win32.ActiveCfg = Release Dll|Win32
		{3533C86F-A2E8-4733-8057-E1260D4FF37B}.Release Dll|Win32.Build.0 = Release Dll|Win32
		{3533C86F-A2E8-4733-8057-E1260D4FF37B}.Debug|Win32.ActiveCfg = Debug|Win32
		{3533C86F-A2E8-4733-8057-E1260D4FF37B}.Debug|Win32.Build.0 = Debug|Win32
		{3533C86F-A2E8-4733-8057-E1260D4FF37B}.Release|Win32.ActiveCfg = Release|Win32
		{3533C86F-A2E8-4733-8057-E1260D4FF37B}.Release|Win32.Build.0 = Release|Win32
		{F229EEE9-9AC7-41FD-9FF0-06276DE5CCE6}.Debug Exe|Win32.ActiveCfg = Debug|Win32
		{F229EEE9-9AC7-41FD-9FF0-06276DE5CCE6}.Debug Exe|Win32.Build.0 = Debug|Win32
		{F229EEE9-9AC7-41FD-9FF0-06276DE5CCE6}.Release Exe|Win32.ActiveCfg = Release|Win32
		{F229EEE9-9AC7-41FD-9FF0-06276DE5CCE6}.Release Exe|Win32.Build.0 = Release|Win32
		{F229EEE9-9AC7-41FD-9FF0-06276DE5CCE6}.Debug Dll|Win32.ActiveCfg = Debug Dll|Win32
		{F229EEE9-9AC7-41FD-9FF0-06276DE5CCE6}.Debug Dll|Win32.Build.0 = Debug Dll|Win32
		{F229EEE9-9AC7-41FD-9FF0-06276DE5CCE6}.Release Dll|Win32.ActiveCfg = Release Dll|Win32
		{F229EEE9-9AC7-41FD-9FF0-06276DE5CCE6}.Release Dll|Win32.Build.0 = Release Dll|Win32
		{F229EEE9-9AC7-41FD-9FF0-06276DE5CCE6}.Debug|Win32.ActiveCfg = Debug|Win32
		{F229EEE9-9AC7-41FD-9FF0-06276DE5CCE6}.Debug|Win32.Build.0 = Debug|Win32
		{F229EEE9-9AC7-41FD-9FF0-06276DE5CCE6}.Release|Win32.ActiveCfg = Release|Win32
		{F229EEE9-9AC7-41FD-9FF0-06276DE5CCE6}.Release|Win32.Build.0 = Release|Win32
		{EEAB296F-7692-495E-8464-DD3D1E0069B0}.Debug Exe|Win32.ActiveCfg = Debug|Win32
		{EEAB296F-7692-495E-8464-DD3D1E0069B0}.Debug Exe|Win32.Build.0 = Debug|Win32
		{EEAB296F-7692-495E-8464-DD3D1E0069B0}.Release Exe|Win32.ActiveCfg = Release|Win32
		{EEAB296F-7692-495E-8464-DD3D1E0069B0}.Release Exe|Win32.Build.0 = Release|Win32
		{EEAB296F-7692-495E-8464-DD3D1E0069B0}.Debug Dll|Win32.ActiveCfg = Debug Dll|Win32
		{EEAB296F-7692-495E-8464-DD3D1E0069B0}.Debug Dll|Win32.Build.0 = Debug Dll|Win32
		{EEAB296F-7692-495E-8464-DD3D1E0069B0}.Release Dll|Win32.ActiveCfg = Release Dll|Win32
		{EEAB296F-7692-495E-8464-DD3D1E0069B0}.Release Dll|Win32.Build.0 = Release Dll|Win32
		{EEAB296F-7692-495E-8464-DD3D1E0069B0}.Debug|Win32.ActiveCfg = Debug|Win32
		{EEAB296F-7692-495E-8464-DD3D1E0069B0}.Debug|Win32.Build.0 = Debug|Win32
		{EEAB296F-7692-495E-8464-DD3D1E0069B0}.Release|Win32.ActiveCfg = Release|Win32
		{EEAB296F-7692-495E-8464-DD3D1E0069B0}.Release|Win32.Build.0 = Release|Win32
	EndGlobalSection
	GlobalSection(SolutionProperties) = preSolution
		HideSolutionNode = FALSE
	EndGlobalSection

	GlobalSection(NestedProjects) = preSolution
		{E4E3902D-4700-4EE9-A64E-6BD4DD762E73} = {5A46AE2A-975D-4570-BE19-A5B7B8C13E20}
		{3AD44ED0-8186-4F28-A19B-F0C26CA40596} = {5A46AE2A-975D-4570-BE19-A5B7B8C13E20}
		{3533C86F-A2E8-4733-8057-E1260D4FF37B} = {5A46AE2A-975D-4570-BE19-A5B7B8C13E20}
		{F229EEE9-9AC7-41FD-9FF0-06276DE5CCE6} = {5A46AE2A-975D-4570-BE19-A5B7B8C13E20}
		{EEAB296F-7692-495E-8464-DD3D1E0069B0} = {5A46AE2A-975D-4570-BE19-A5B7B8C13E20}
		{8904414D-C452-4EC1-822E-8D6096B6EBFC} = {5A46AE2A-975D-4570-BE19-A5B7B8C13E23}
		{25D15D19-2543-4A26-B02E-9029EEDA103D} = {5A46AE2A-975D-4570-BE19-A5B7B8C13E24}
		{7F328ACD-12F1-44F6-8B32-8A16BCD44574} = {5A46AE2A-975D-4570-BE19-A5B7B8C13E24}
		{D5EA7384-9AAF-420A-9AFD-38BB5E341BD0} = {5A46AE2A-975D-4570-BE19-A5B7B8C13E24}
		{33EB7BF2-8115-4C56-AA46-F7DDAF82965E} = {5A46AE2A-975D-4570-BE19-A5B7B8C13E24}
		{F8050E4A-8AD6-43ED-A8DA-2EA7DF365030} = {5A46AE2A-975D-4570-BE19-A5B7B8C13E24}
		{AD3F46B7-ADFC-4204-872B-AFC04ADE28EC} = {5A46AE2A-975D-4570-BE19-A5B7B8C13E24}
		{007BDDD7-C862-4181-9AB5-1FE6394A6BAB} = {5A46AE2A-975D-4570-BE19-A5B7B8C13E24}
		{06437363-3B8B-4005-8744-79F2698666F1} = {5A46AE2A-975D-4570-BE19-A5B7B8C13E24}
		{5EFDDD95-15F8-4A18-B96B-79652EA6553E} = {5A46AE2A-975D-4570-BE19-A5B7B8C13E24}
		{8FACC951-6CBE-4911-A3A2-CDED3D7F6B5D} = {5A46AE2A-975D-4570-BE19-A5B7B8C13E24}
		{69D7B3B7-66E4-4D0D-A874-0F6AADC721CD} = {5A46AE2A-975D-4570-BE19-A5B7B8C13E24}
		{4B407CE9-D1A4-449E-9A74-6EAD5D6DF93A} = {5A46AE2A-975D-4570-BE19-A5B7B8C13E24}
		{298E3418-DEA7-4B02-A993-FB942B9095D8} = {5A46AE2A-975D-4570-BE19-A5B7B8C13E24}
		{DAE9F54B-3777-4FB7-9231-73451E00E197} = {5A46AE2A-975D-4570-BE19-A5B7B8C13E24}
		{8A717941-3E46-459C-B967-C6AAF214D9EA} = {5A46AE2A-975D-4570-BE19-A5B7B8C13E24}
		{FF214260-FD00-11DD-87AF-0800200C9A66} = {5A46AE2A-975D-4570-BE19-A5B7B8C13E24}
		{1CD43810-FC31-11DD-87AF-0800200C9A66} = {5A46AE2A-975D-4570-BE19-A5B7B8C13E24}
		{B4ACE650-FC31-11DD-87AF-0800200C9A66} = {5A46AE2A-975D-4570-BE19-A5B7B8C13E24}
		{FA9D1050-FC30-11DD-87AF-0800200C9A66} = {5A46AE2A-975D-4570-BE19-A5B7B8C13E24}
		{E0F9BFE1-C51B-4251-8D86-1CC9B7AEA24D} = {5A46AE2A-975D-4570-BE19-A5B7B8C13E24}
		{D120F524-7A7E-4B3F-8D71-08FF29349578} = {5A46AE2A-975D-4570-BE19-A5B7B8C13E28}
		{F514B4C6-C19A-4137-8C8E-CE0B6D956B39} = {5A46AE2A-975D-4570-BE19-A5B7B8C13E28}
	EndGlobalSection
EndGlobal
