<?xml version="1.0" encoding="utf-8"?>
<Project ToolsVersion="4.0" xmlns="http://schemas.microsoft.com/developer/msbuild/2003">
  <ItemGroup>
    <Filter Include="cgv_viewer">
    </Filter>
    <Filter Include="cgv_viewer\resources">
    </Filter>
    <Filter Include="cgv_viewer\sources">
    </Filter>
    <Filter Include="config">
    </Filter>
    <Filter Include="headers">
    </Filter>
    <Filter Include="make">
    </Filter>
    <Filter Include="sources">
    </Filter>
  </ItemGroup>
  <ItemGroup>
    <resources_rule Include="C:\Users\Markus\Documents\ScivVis\cgv\apps\cgv_viewer\cgv_logo.png">
      <Filter>cgv_viewer\resources</Filter>
    </resources_rule>
  </ItemGroup>
  <ItemGroup>
    <ClCompile Include="C:\Users\Markus\Documents\ScivVis\build\vs141\cgv_viewer\cgv_logo.png.cxx">
      <Filter>cgv_viewer\sources</Filter>
    </ClCompile>
    <ClCompile Include="C:\Users\Markus\Documents\ScivVis\cgv\apps\cgv_viewer\main.cxx">
      <Filter>cgv_viewer\sources</Filter>
    </ClCompile>
    <ClCompile Include="cgv_cubes.cxx">
      <Filter>sources</Filter>
    </ClCompile>
  </ItemGroup>
  <ItemGroup>
    <None Include="C:\Users\Markus\Documents\ScivVis\0-intro-student\config.def">
      <Filter>config</Filter>
    </None>
  </ItemGroup>
  <ItemGroup>
    <ClInclude Include="C:\Users\Markus\Documents\ScivVis\0-intro-student\cubes_fractal.h">
      <Filter>headers</Filter>
    </ClInclude>
  </ItemGroup>
  <ItemGroup>
    <make_rule Include="C:\Users\Markus\Documents\ScivVis\0-intro-student\intro.pj">
      <Filter>make</Filter>
    </make_rule>
  </ItemGroup>
  <ItemGroup>
    <ClCompile Include="C:\Users\Markus\Documents\ScivVis\0-intro-student\cgv_demo.cxx">
      <Filter>sources</Filter>
    </ClCompile>
    <ClCompile Include="C:\Users\Markus\Documents\ScivVis\0-intro-student\cubes_drawable.cxx">
      <Filter>sources</Filter>
    </ClCompile>
    <ClCompile Include="C:\Users\Markus\Documents\ScivVis\0-intro-student\cubes_fractal.cxx">
      <Filter>sources</Filter>
    </ClCompile>
  </ItemGroup>
</Project>